
Microsoft Visual Studio Solution File, Format Version 12.00
# Visual Studio Version 17
VisualStudioVersion = 17.8.34525.116
MinimumVisualStudioVersion = 10.0.40219.1
Project("{FAE04EC0-301F-11D3-BF4B-00C04F79EFBC}") = "OrderManagmentSystem", "OrderManagmentSystem\OrderManagmentSystem.csproj", "{9E258FEA-0919-42AE-8F50-012A6806AA08}"
EndProject
Project("{FAE04EC0-301F-11D3-BF4B-00C04F79EFBC}") = "OrderManagmentSytemBAL", "OrderManagmentSytemBAL\OrderManagmentSytemBAL.csproj", "{BD5696EF-DF4E-482B-8E5F-EEB17435CCD4}"
EndProject
Project("{FAE04EC0-301F-11D3-BF4B-00C04F79EFBC}") = "OrderManagmentSytemDAL", "OrderManagmentSytemDAL\OrderManagmentSytemDAL.csproj", "{997A96DD-C393-4DEB-8787-6141591C63DE}"
EndProject
Global
	GlobalSection(SolutionConfigurationPlatforms) = preSolution
		Debug|Any CPU = Debug|Any CPU
		Release|Any CPU = Release|Any CPU
	EndGlobalSection
	GlobalSection(ProjectConfigurationPlatforms) = postSolution
		{9E258FEA-0919-42AE-8F50-012A6806AA08}.Debug|Any CPU.ActiveCfg = Debug|Any CPU
		{9E258FEA-0919-42AE-8F50-012A6806AA08}.Debug|Any CPU.Build.0 = Debug|Any CPU
		{9E258FEA-0919-42AE-8F50-012A6806AA08}.Release|Any CPU.ActiveCfg = Release|Any CPU
		{9E258FEA-0919-42AE-8F50-012A6806AA08}.Release|Any CPU.Build.0 = Release|Any CPU
		{BD5696EF-DF4E-482B-8E5F-EEB17435CCD4}.Debug|Any CPU.ActiveCfg = Debug|Any CPU
		{BD5696EF-DF4E-482B-8E5F-EEB17435CCD4}.Debug|Any CPU.Build.0 = Debug|Any CPU
		{BD5696EF-DF4E-482B-8E5F-EEB17435CCD4}.Release|Any CPU.ActiveCfg = Release|Any CPU
		{BD5696EF-DF4E-482B-8E5F-EEB17435CCD4}.Release|Any CPU.Build.0 = Release|Any CPU
		{997A96DD-C393-4DEB-8787-6141591C63DE}.Debug|Any CPU.ActiveCfg = Debug|Any CPU
		{997A96DD-C393-4DEB-8787-6141591C63DE}.Debug|Any CPU.Build.0 = Debug|Any CPU
		{997A96DD-C393-4DEB-8787-6141591C63DE}.Release|Any CPU.ActiveCfg = Release|Any CPU
		{997A96DD-C393-4DEB-8787-6141591C63DE}.Release|Any CPU.Build.0 = Release|Any CPU
	EndGlobalSection
	GlobalSection(SolutionProperties) = preSolution
		HideSolutionNode = FALSE
	EndGlobalSection
	GlobalSection(ExtensibilityGlobals) = postSolution
		SolutionGuid = {FBD9B321-51E8-483B-8517-D7B08EAB638B}
	EndGlobalSection
EndGlobal
